
Microsoft Visual Studio Solution File, Format Version 12.00
# Visual Studio Version 16
VisualStudioVersion = 16.0.31005.135
MinimumVisualStudioVersion = 10.0.40219.1
Project("{9A19103F-16F7-4668-BE54-9A1E7A4F7556}") = "PresentationProject", "PresentationProject\PresentationProject.csproj", "{3D9C110E-D55D-410A-9A39-9C7FCDF501CD}"
EndProject
Project("{FAE04EC0-301F-11D3-BF4B-00C04F79EFBC}") = "DataProject", "DataProject\DataProject.csproj", "{8B575F13-28DB-4931-8B7C-1CEF7F9839A1}"
EndProject
Global
	GlobalSection(SolutionConfigurationPlatforms) = preSolution
		Debug|Any CPU = Debug|Any CPU
		Release|Any CPU = Release|Any CPU
	EndGlobalSection
	GlobalSection(ProjectConfigurationPlatforms) = postSolution
		{3D9C110E-D55D-410A-9A39-9C7FCDF501CD}.Debug|Any CPU.ActiveCfg = Debug|Any CPU
		{3D9C110E-D55D-410A-9A39-9C7FCDF501CD}.Debug|Any CPU.Build.0 = Debug|Any CPU
		{3D9C110E-D55D-410A-9A39-9C7FCDF501CD}.Release|Any CPU.ActiveCfg = Release|Any CPU
		{3D9C110E-D55D-410A-9A39-9C7FCDF501CD}.Release|Any CPU.Build.0 = Release|Any CPU
		{8B575F13-28DB-4931-8B7C-1CEF7F9839A1}.Debug|Any CPU.ActiveCfg = Debug|Any CPU
		{8B575F13-28DB-4931-8B7C-1CEF7F9839A1}.Debug|Any CPU.Build.0 = Debug|Any CPU
		{8B575F13-28DB-4931-8B7C-1CEF7F9839A1}.Release|Any CPU.ActiveCfg = Release|Any CPU
		{8B575F13-28DB-4931-8B7C-1CEF7F9839A1}.Release|Any CPU.Build.0 = Release|Any CPU
	EndGlobalSection
	GlobalSection(SolutionProperties) = preSolution
		HideSolutionNode = FALSE
	EndGlobalSection
	GlobalSection(ExtensibilityGlobals) = postSolution
		SolutionGuid = {0B0B96CD-0006-4BBF-A6E3-1B52C23D59C8}
	EndGlobalSection
EndGlobal
